
Microsoft Visual Studio Solution File, Format Version 12.00
# Visual Studio Version 17
VisualStudioVersion = 17.5.33530.505
MinimumVisualStudioVersion = 10.0.40219.1
Project("{9A19103F-16F7-4668-BE54-9A1E7A4F7556}") = "BlazerUniverseUI", "BlazerUniverseUI\BlazerUniverseUI.csproj", "{0FF92907-708C-4E88-A181-5D1A9B08AEC8}"
EndProject
Project("{9A19103F-16F7-4668-BE54-9A1E7A4F7556}") = "BlazerUniverseServer", "BlazerUniverseServer\BlazerUniverseServer.csproj", "{075452DE-5B86-46BB-AC74-7168D24313FE}"
EndProject
Project("{FAE04EC0-301F-11D3-BF4B-00C04F79EFBC}") = "ClassUniverse", "ClassUniverse\ClassUniverse.csproj", "{150AD7B6-11DA-46A7-A3BC-853809086E64}"
EndProject
Global
	GlobalSection(SolutionConfigurationPlatforms) = preSolution
		Debug|Any CPU = Debug|Any CPU
		Release|Any CPU = Release|Any CPU
	EndGlobalSection
	GlobalSection(ProjectConfigurationPlatforms) = postSolution
		{0FF92907-708C-4E88-A181-5D1A9B08AEC8}.Debug|Any CPU.ActiveCfg = Debug|Any CPU
		{0FF92907-708C-4E88-A181-5D1A9B08AEC8}.Debug|Any CPU.Build.0 = Debug|Any CPU
		{0FF92907-708C-4E88-A181-5D1A9B08AEC8}.Release|Any CPU.ActiveCfg = Release|Any CPU
		{0FF92907-708C-4E88-A181-5D1A9B08AEC8}.Release|Any CPU.Build.0 = Release|Any CPU
		{075452DE-5B86-46BB-AC74-7168D24313FE}.Debug|Any CPU.ActiveCfg = Debug|Any CPU
		{075452DE-5B86-46BB-AC74-7168D24313FE}.Debug|Any CPU.Build.0 = Debug|Any CPU
		{075452DE-5B86-46BB-AC74-7168D24313FE}.Release|Any CPU.ActiveCfg = Release|Any CPU
		{075452DE-5B86-46BB-AC74-7168D24313FE}.Release|Any CPU.Build.0 = Release|Any CPU
		{150AD7B6-11DA-46A7-A3BC-853809086E64}.Debug|Any CPU.ActiveCfg = Debug|Any CPU
		{150AD7B6-11DA-46A7-A3BC-853809086E64}.Debug|Any CPU.Build.0 = Debug|Any CPU
		{150AD7B6-11DA-46A7-A3BC-853809086E64}.Release|Any CPU.ActiveCfg = Release|Any CPU
		{150AD7B6-11DA-46A7-A3BC-853809086E64}.Release|Any CPU.Build.0 = Release|Any CPU
	EndGlobalSection
	GlobalSection(SolutionProperties) = preSolution
		HideSolutionNode = FALSE
	EndGlobalSection
	GlobalSection(ExtensibilityGlobals) = postSolution
		SolutionGuid = {492B4DDF-DBFC-487C-86A9-81ADE86D637C}
	EndGlobalSection
EndGlobal
